Microsoft Visual Studio Solution File, Format Version 12.00
# Visual Studio Version 17
VisualStudioVersion = 17.5.2.0
MinimumVisualStudioVersion = 10.0.40219.1
Project("{2150E333-8FDC-42A3-9474-1A3956D46DE8}") = "wisebox-backend", "wisebox-backend", "{1ABB18E8-9EF7-A9D1-249B-60A945F45990}"
EndProject
Project("{FAE04EC0-301F-11D3-BF4B-00C04F79EFBC}") = "WiseBox.Api", "wisebox-backend\WiseBox.Api\WiseBox.Api.csproj", "{2E45390C-E203-54A9-A336-230FB884B68F}"
EndProject
Global
	GlobalSection(SolutionConfigurationPlatforms) = preSolution
		Debug|Any CPU = Debug|Any CPU
		Release|Any CPU = Release|Any CPU
	EndGlobalSection
	GlobalSection(ProjectConfigurationPlatforms) = postSolution
		{2E45390C-E203-54A9-A336-230FB884B68F}.Debug|Any CPU.ActiveCfg = Debug|Any CPU
		{2E45390C-E203-54A9-A336-230FB884B68F}.Debug|Any CPU.Build.0 = Debug|Any CPU
		{2E45390C-E203-54A9-A336-230FB884B68F}.Release|Any CPU.ActiveCfg = Release|Any CPU
		{2E45390C-E203-54A9-A336-230FB884B68F}.Release|Any CPU.Build.0 = Release|Any CPU
	EndGlobalSection
	GlobalSection(SolutionProperties) = preSolution
		HideSolutionNode = FALSE
	EndGlobalSection
	GlobalSection(NestedProjects) = preSolution
		{2E45390C-E203-54A9-A336-230FB884B68F} = {1ABB18E8-9EF7-A9D1-249B-60A945F45990}
	EndGlobalSection
	GlobalSection(ExtensibilityGlobals) = postSolution
		SolutionGuid = {5598CAC0-3EE3-4119-911F-60C349FF8EB8}
	EndGlobalSection
EndGlobal
